// !$*UTF8*$!
{
	archiveVersion = 1;
	classes = {
	};
	objectVersion = 46;
	objects = {

/* Begin PBXBuildFile section */
		02E405AD25EA078992C139AE /* Pods_CardDemo.framework in Frameworks */ = {isa = PBXBuildFile; fileRef = A6D17824B7ECA474CD586CAC /* Pods_CardDemo.framework */; };
		4A6302201EAA7FB1001C23B8 /* AppDelegate.swift in Sources */ = {isa = PBXBuildFile; fileRef = 4A63021F1EAA7FB1001C23B8 /* AppDelegate.swift */; };
		4A6302221EAA7FB1001C23B8 /* ViewController.swift in Sources */ = {isa = PBXBuildFile; fileRef = 4A6302211EAA7FB1001C23B8 /* ViewController.swift */; };
		4A6302251EAA7FB1001C23B8 /* Main.storyboard in Resources */ = {isa = PBXBuildFile; fileRef = 4A6302231EAA7FB1001C23B8 /* Main.storyboard */; };
		4A6302281EAA7FB1001C23B8 /* CardDemo.xcdatamodeld in Sources */ = {isa = PBXBuildFile; fileRef = 4A6302261EAA7FB1001C23B8 /* CardDemo.xcdatamodeld */; };
		4A63022A1EAA7FB1001C23B8 /* Assets.xcassets in Resources */ = {isa = PBXBuildFile; fileRef = 4A6302291EAA7FB1001C23B8 /* Assets.xcassets */; };
		4A63022D1EAA7FB1001C23B8 /* LaunchScreen.storyboard in Resources */ = {isa = PBXBuildFile; fileRef = 4A63022B1EAA7FB1001C23B8 /* LaunchScreen.storyboard */; };
		4A6302381EAA7FB2001C23B8 /* CardDemoTests.swift in Sources */ = {isa = PBXBuildFile; fileRef = 4A6302371EAA7FB2001C23B8 /* CardDemoTests.swift */; };
		4A6302431EAA7FB2001C23B8 /* CardDemoUITests.swift in Sources */ = {isa = PBXBuildFile; fileRef = 4A6302421EAA7FB2001C23B8 /* CardDemoUITests.swift */; };
		4A8E3B081EAE8CAA008A074E /* APIUtilities.swift in Sources */ = {isa = PBXBuildFile; fileRef = 4A8E3B071EAE8CAA008A074E /* APIUtilities.swift */; };
		4A8E3B0A1EAE8F49008A074E /* ArrEvent.swift in Sources */ = {isa = PBXBuildFile; fileRef = 4A8E3B091EAE8F49008A074E /* ArrEvent.swift */; };
		4AE7C3051EAED5CE00A8E4E7 /* Screen1.png in Resources */ = {isa = PBXBuildFile; fileRef = 4AE7C3011EAED5CE00A8E4E7 /* Screen1.png */; };
		4AE7C3061EAED5CE00A8E4E7 /* Screen2.png in Resources */ = {isa = PBXBuildFile; fileRef = 4AE7C3021EAED5CE00A8E4E7 /* Screen2.png */; };
		4AE7C3071EAED5CE00A8E4E7 /* Screen3.png in Resources */ = {isa = PBXBuildFile; fileRef = 4AE7C3031EAED5CE00A8E4E7 /* Screen3.png */; };
		4AE7C3081EAED5CE00A8E4E7 /* Screen4.png in Resources */ = {isa = PBXBuildFile; fileRef = 4AE7C3041EAED5CE00A8E4E7 /* Screen4.png */; };
		5DDD2297D25B3E276AE48078 /* Pods_CardDemoUITests.framework in Frameworks */ = {isa = PBXBuildFile; fileRef = 079C1AFA7CF707FDBB2B46B5 /* Pods_CardDemoUITests.framework */; };
		CF55AFC657FC9555E69E086B /* Pods_CardDemoTests.framework in Frameworks */ = {isa = PBXBuildFile; fileRef = A9F1824F5AEDAD0A1DBECCE9 /* Pods_CardDemoTests.framework */; };
/* End PBXBuildFile section */

/* Begin PBXContainerItemProxy section */
		4A6302341EAA7FB1001C23B8 /* PBXContainerItemProxy */ = {
			isa = PBXContainerItemProxy;
			containerPortal = 4A6302141EAA7FB1001C23B8 /* Project object */;
			proxyType = 1;
			remoteGlobalIDString = 4A63021B1EAA7FB1001C23B8;
			remoteInfo = CardDemo;
		};
		4A63023F1EAA7FB2001C23B8 /* PBXContainerItemProxy */ = {
			isa = PBXContainerItemProxy;
			containerPortal = 4A6302141EAA7FB1001C23B8 /* Project object */;
			proxyType = 1;
			remoteGlobalIDString = 4A63021B1EAA7FB1001C23B8;
			remoteInfo = CardDemo;
		};
/* End PBXContainerItemProxy section */

/* Begin PBXFileReference section */
		079C1AFA7CF707FDBB2B46B5 /* Pods_CardDemoUITests.framework */ = {isa = PBXFileReference; explicitFileType = wrapper.framework; includeInIndex = 0; path = Pods_CardDemoUITests.framework; sourceTree = BUILT_PRODUCTS_DIR; };
		4A63021C1EAA7FB1001C23B8 /* CardDemo.app */ = {isa = PBXFileReference; explicitFileType = wrapper.application; includeInIndex = 0; path = CardDemo.app; sourceTree = BUILT_PRODUCTS_DIR; };
		4A63021F1EAA7FB1001C23B8 /* AppDelegate.swift */ = {isa = PBXFileReference; lastKnownFileType = sourcecode.swift; path = AppDelegate.swift; sourceTree = "<group>"; };
		4A6302211EAA7FB1001C23B8 /* ViewController.swift */ = {isa = PBXFileReference; lastKnownFileType = sourcecode.swift; path = ViewController.swift; sourceTree = "<group>"; };
		4A6302241EAA7FB1001C23B8 /* Base */ = {isa = PBXFileReference; lastKnownFileType = file.storyboard; name = Base; path = Base.lproj/Main.storyboard; sourceTree = "<group>"; };
		4A6302271EAA7FB1001C23B8 /* CardDemo.xcdatamodel */ = {isa = PBXFileReference; lastKnownFileType = wrapper.xcdatamodel; path = CardDemo.xcdatamodel; sourceTree = "<group>"; };
		4A6302291EAA7FB1001C23B8 /* Assets.xcassets */ = {isa = PBXFileReference; lastKnownFileType = folder.assetcatalog; path = Assets.xcassets; sourceTree = "<group>"; };
		4A63022C1EAA7FB1001C23B8 /* Base */ = {isa = PBXFileReference; lastKnownFileType = file.storyboard; name = Base; path = Base.lproj/LaunchScreen.storyboard; sourceTree = "<group>"; };
		4A63022E1EAA7FB1001C23B8 /* Info.plist */ = {isa = PBXFileReference; lastKnownFileType = text.plist.xml; path = Info.plist; sourceTree = "<group>"; };
		4A6302331EAA7FB1001C23B8 /* CardDemoTests.xctest */ = {isa = PBXFileReference; explicitFileType = wrapper.cfbundle; includeInIndex = 0; path = CardDemoTests.xctest; sourceTree = BUILT_PRODUCTS_DIR; };
		4A6302371EAA7FB2001C23B8 /* CardDemoTests.swift */ = {isa = PBXFileReference; lastKnownFileType = sourcecode.swift; path = CardDemoTests.swift; sourceTree = "<group>"; };
		4A6302391EAA7FB2001C23B8 /* Info.plist */ = {isa = PBXFileReference; lastKnownFileType = text.plist.xml; path = Info.plist; sourceTree = "<group>"; };
		4A63023E1EAA7FB2001C23B8 /* CardDemoUITests.xctest */ = {isa = PBXFileReference; explicitFileType = wrapper.cfbundle; includeInIndex = 0; path = CardDemoUITests.xctest; sourceTree = BUILT_PRODUCTS_DIR; };
		4A6302421EAA7FB2001C23B8 /* CardDemoUITests.swift */ = {isa = PBXFileReference; lastKnownFileType = sourcecode.swift; path = CardDemoUITests.swift; sourceTree = "<group>"; };
		4A6302441EAA7FB2001C23B8 /* Info.plist */ = {isa = PBXFileReference; lastKnownFileType = text.plist.xml; path = Info.plist; sourceTree = "<group>"; };
		4A8E3B071EAE8CAA008A074E /* APIUtilities.swift */ = {isa = PBXFileReference; fileEncoding = 4; lastKnownFileType = sourcecode.swift; path = APIUtilities.swift; sourceTree = "<group>"; };
		4A8E3B091EAE8F49008A074E /* ArrEvent.swift */ = {isa = PBXFileReference; fileEncoding = 4; lastKnownFileType = sourcecode.swift; path = ArrEvent.swift; sourceTree = "<group>"; };
		4AE7C3011EAED5CE00A8E4E7 /* Screen1.png */ = {isa = PBXFileReference; lastKnownFileType = image.png; path = Screen1.png; sourceTree = "<group>"; };
		4AE7C3021EAED5CE00A8E4E7 /* Screen2.png */ = {isa = PBXFileReference; lastKnownFileType = image.png; path = Screen2.png; sourceTree = "<group>"; };
		4AE7C3031EAED5CE00A8E4E7 /* Screen3.png */ = {isa = PBXFileReference; lastKnownFileType = image.png; path = Screen3.png; sourceTree = "<group>"; };
		4AE7C3041EAED5CE00A8E4E7 /* Screen4.png */ = {isa = PBXFileReference; lastKnownFileType = image.png; path = Screen4.png; sourceTree = "<group>"; };
		4BF974EAAEBC11A44C322A61 /* Pods-CardDemoUITests.release.xcconfig */ = {isa = PBXFileReference; includeInIndex = 1; lastKnownFileType = text.xcconfig; name = "Pods-CardDemoUITests.release.xcconfig"; path = "Pods/Target Support Files/Pods-CardDemoUITests/Pods-CardDemoUITests.release.xcconfig"; sourceTree = "<group>"; };
		5C24D7241CBEB19769C5BF3B /* Pods-CardDemoTests.debug.xcconfig */ = {isa = PBXFileReference; includeInIndex = 1; lastKnownFileType = text.xcconfig; name = "Pods-CardDemoTests.debug.xcconfig"; path = "Pods/Target Support Files/Pods-CardDemoTests/Pods-CardDemoTests.debug.xcconfig"; sourceTree = "<group>"; };
		5D77011803F8002AA8352446 /* Pods-CardDemo.release.xcconfig */ = {isa = PBXFileReference; includeInIndex = 1; lastKnownFileType = text.xcconfig; name = "Pods-CardDemo.release.xcconfig"; path = "Pods/Target Support Files/Pods-CardDemo/Pods-CardDemo.release.xcconfig"; sourceTree = "<group>"; };
		A6D17824B7ECA474CD586CAC /* Pods_CardDemo.framework */ = {isa = PBXFileReference; explicitFileType = wrapper.framework; includeInIndex = 0; path = Pods_CardDemo.framework; sourceTree = BUILT_PRODUCTS_DIR; };
		A9F1824F5AEDAD0A1DBECCE9 /* Pods_CardDemoTests.framework */ = {isa = PBXFileReference; explicitFileType = wrapper.framework; includeInIndex = 0; path = Pods_CardDemoTests.framework; sourceTree = BUILT_PRODUCTS_DIR; };
		B501DF3BFF4029EE29DD0CDA /* Pods-CardDemoTests.release.xcconfig */ = {isa = PBXFileReference; includeInIndex = 1; lastKnownFileType = text.xcconfig; name = "Pods-CardDemoTests.release.xcconfig"; path = "Pods/Target Support Files/Pods-CardDemoTests/Pods-CardDemoTests.release.xcconfig"; sourceTree = "<group>"; };
		E0A6C62E63C9B9DDBE1460F4 /* Pods-CardDemo.debug.xcconfig */ = {isa = PBXFileReference; includeInIndex = 1; lastKnownFileType = text.xcconfig; name = "Pods-CardDemo.debug.xcconfig"; path = "Pods/Target Support Files/Pods-CardDemo/Pods-CardDemo.debug.xcconfig"; sourceTree = "<group>"; };
		EEDDE1579FF9AE273D0180CF /* Pods-CardDemoUITests.debug.xcconfig */ = {isa = PBXFileReference; includeInIndex = 1; lastKnownFileType = text.xcconfig; name = "Pods-CardDemoUITests.debug.xcconfig"; path = "Pods/Target Support Files/Pods-CardDemoUITests/Pods-CardDemoUITests.debug.xcconfig"; sourceTree = "<group>"; };
/* End PBXFileReference section */

/* Begin PBXFrameworksBuildPhase section */
		4A6302191EAA7FB1001C23B8 /* Frameworks */ = {
			isa = PBXFrameworksBuildPhase;
			buildActionMask = 2147483647;
			files = (
				02E405AD25EA078992C139AE /* Pods_CardDemo.framework in Frameworks */,
			);
			runOnlyForDeploymentPostprocessing = 0;
		};
		4A6302301EAA7FB1001C23B8 /* Frameworks */ = {
			isa = PBXFrameworksBuildPhase;
			buildActionMask = 2147483647;
			files = (
				CF55AFC657FC9555E69E086B /* Pods_CardDemoTests.framework in Frameworks */,
			);
			runOnlyForDeploymentPostprocessing = 0;
		};
		4A63023B1EAA7FB2001C23B8 /* Frameworks */ = {
			isa = PBXFrameworksBuildPhase;
			buildActionMask = 2147483647;
			files = (
				5DDD2297D25B3E276AE48078 /* Pods_CardDemoUITests.framework in Frameworks */,
			);
			runOnlyForDeploymentPostprocessing = 0;
		};
/* End PBXFrameworksBuildPhase section */

/* Begin PBXGroup section */
		4A6302131EAA7FB1001C23B8 = {
			isa = PBXGroup;
			children = (
				4A63021E1EAA7FB1001C23B8 /* CardDemo */,
				4A6302361EAA7FB1001C23B8 /* CardDemoTests */,
				4A6302411EAA7FB2001C23B8 /* CardDemoUITests */,
				4A63021D1EAA7FB1001C23B8 /* Products */,
				56E49882BBFB87E1C8559865 /* Pods */,
				BD378F3E21DA5EB81167A466 /* Frameworks */,
			);
			sourceTree = "<group>";
		};
		4A63021D1EAA7FB1001C23B8 /* Products */ = {
			isa = PBXGroup;
			children = (
				4A63021C1EAA7FB1001C23B8 /* CardDemo.app */,
				4A6302331EAA7FB1001C23B8 /* CardDemoTests.xctest */,
				4A63023E1EAA7FB2001C23B8 /* CardDemoUITests.xctest */,
			);
			name = Products;
			sourceTree = "<group>";
		};
		4A63021E1EAA7FB1001C23B8 /* CardDemo */ = {
			isa = PBXGroup;
			children = (
				4AE7C3001EAED54C00A8E4E7 /* Screenshot */,
				4AE7C2FE1EAECED800A8E4E7 /* Apputilties */,
				4A63021F1EAA7FB1001C23B8 /* AppDelegate.swift */,
				4A6302211EAA7FB1001C23B8 /* ViewController.swift */,
				4A6302231EAA7FB1001C23B8 /* Main.storyboard */,
				4A6302291EAA7FB1001C23B8 /* Assets.xcassets */,
				4A63022B1EAA7FB1001C23B8 /* LaunchScreen.storyboard */,
				4A63022E1EAA7FB1001C23B8 /* Info.plist */,
				4A6302261EAA7FB1001C23B8 /* CardDemo.xcdatamodeld */,
				4A8E3B091EAE8F49008A074E /* ArrEvent.swift */,
			);
			path = CardDemo;
			sourceTree = "<group>";
		};
		4A6302361EAA7FB1001C23B8 /* CardDemoTests */ = {
			isa = PBXGroup;
			children = (
				4A6302371EAA7FB2001C23B8 /* CardDemoTests.swift */,
				4A6302391EAA7FB2001C23B8 /* Info.plist */,
			);
			path = CardDemoTests;
			sourceTree = "<group>";
		};
		4A6302411EAA7FB2001C23B8 /* CardDemoUITests */ = {
			isa = PBXGroup;
			children = (
				4A6302421EAA7FB2001C23B8 /* CardDemoUITests.swift */,
				4A6302441EAA7FB2001C23B8 /* Info.plist */,
			);
			path = CardDemoUITests;
			sourceTree = "<group>";
		};
		4AE7C2FE1EAECED800A8E4E7 /* Apputilties */ = {
			isa = PBXGroup;
			children = (
				4A8E3B071EAE8CAA008A074E /* APIUtilities.swift */,
			);
			name = Apputilties;
			sourceTree = "<group>";
		};
		4AE7C3001EAED54C00A8E4E7 /* Screenshot */ = {
			isa = PBXGroup;
			children = (
				4AE7C3011EAED5CE00A8E4E7 /* Screen1.png */,
				4AE7C3021EAED5CE00A8E4E7 /* Screen2.png */,
				4AE7C3031EAED5CE00A8E4E7 /* Screen3.png */,
				4AE7C3041EAED5CE00A8E4E7 /* Screen4.png */,
			);
			name = Screenshot;
			sourceTree = "<group>";
		};
		56E49882BBFB87E1C8559865 /* Pods */ = {
			isa = PBXGroup;
			children = (
				E0A6C62E63C9B9DDBE1460F4 /* Pods-CardDemo.debug.xcconfig */,
				5D77011803F8002AA8352446 /* Pods-CardDemo.release.xcconfig */,
				5C24D7241CBEB19769C5BF3B /* Pods-CardDemoTests.debug.xcconfig */,
				B501DF3BFF4029EE29DD0CDA /* Pods-CardDemoTests.release.xcconfig */,
				EEDDE1579FF9AE273D0180CF /* Pods-CardDemoUITests.debug.xcconfig */,
				4BF974EAAEBC11A44C322A61 /* Pods-CardDemoUITests.release.xcconfig */,
			);
			name = Pods;
			sourceTree = "<group>";
		};
		BD378F3E21DA5EB81167A466 /* Frameworks */ = {
			isa = PBXGroup;
			children = (
				A6D17824B7ECA474CD586CAC /* Pods_CardDemo.framework */,
				A9F1824F5AEDAD0A1DBECCE9 /* Pods_CardDemoTests.framework */,
				079C1AFA7CF707FDBB2B46B5 /* Pods_CardDemoUITests.framework */,
			);
			name = Frameworks;
			sourceTree = "<group>";
		};
/* End PBXGroup section */

/* Begin PBXNativeTarget section */
		4A63021B1EAA7FB1001C23B8 /* CardDemo */ = {
			isa = PBXNativeTarget;
			buildConfigurationList = 4A6302471EAA7FB2001C23B8 /* Build configuration list for PBXNativeTarget "CardDemo" */;
			buildPhases = (
				B87DAD0AEAB930A57B7ABDE0 /* [CP] Check Pods Manifest.lock */,
				4A6302181EAA7FB1001C23B8 /* Sources */,
				4A6302191EAA7FB1001C23B8 /* Frameworks */,
				4A63021A1EAA7FB1001C23B8 /* Resources */,
				2EAB9743ABE1A0CF472F3A6D /* [CP] Embed Pods Frameworks */,
				36E497F95F84B735DDBA6F8F /* [CP] Copy Pods Resources */,
			);
			buildRules = (
			);
			dependencies = (
			);
			name = CardDemo;
			productName = CardDemo;
			productReference = 4A63021C1EAA7FB1001C23B8 /* CardDemo.app */;
			productType = "com.apple.product-type.application";
		};
		4A6302321EAA7FB1001C23B8 /* CardDemoTests */ = {
			isa = PBXNativeTarget;
			buildConfigurationList = 4A63024A1EAA7FB2001C23B8 /* Build configuration list for PBXNativeTarget "CardDemoTests" */;
			buildPhases = (
				5F6C0AD74A26A7C3B40A3E80 /* [CP] Check Pods Manifest.lock */,
				4A63022F1EAA7FB1001C23B8 /* Sources */,
				4A6302301EAA7FB1001C23B8 /* Frameworks */,
				4A6302311EAA7FB1001C23B8 /* Resources */,
				0F080482C515E3F3D77BFC72 /* [CP] Embed Pods Frameworks */,
				9ADC7F608523E71EAE42A896 /* [CP] Copy Pods Resources */,
			);
			buildRules = (
			);
			dependencies = (
				4A6302351EAA7FB1001C23B8 /* PBXTargetDependency */,
			);
			name = CardDemoTests;
			productName = CardDemoTests;
			productReference = 4A6302331EAA7FB1001C23B8 /* CardDemoTests.xctest */;
			productType = "com.apple.product-type.bundle.unit-test";
		};
		4A63023D1EAA7FB2001C23B8 /* CardDemoUITests */ = {
			isa = PBXNativeTarget;
			buildConfigurationList = 4A63024D1EAA7FB2001C23B8 /* Build configuration list for PBXNativeTarget "CardDemoUITests" */;
			buildPhases = (
				38EA9FE9404E4B48513EED50 /* [CP] Check Pods Manifest.lock */,
				4A63023A1EAA7FB2001C23B8 /* Sources */,
				4A63023B1EAA7FB2001C23B8 /* Frameworks */,
				4A63023C1EAA7FB2001C23B8 /* Resources */,
				800D960121DE8FBC8D9FE83C /* [CP] Embed Pods Frameworks */,
				242CE4E4F3653A60B42EB51F /* [CP] Copy Pods Resources */,
			);
			buildRules = (
			);
			dependencies = (
				4A6302401EAA7FB2001C23B8 /* PBXTargetDependency */,
			);
			name = CardDemoUITests;
			productName = CardDemoUITests;
			productReference = 4A63023E1EAA7FB2001C23B8 /* CardDemoUITests.xctest */;
			productType = "com.apple.product-type.bundle.ui-testing";
		};
/* End PBXNativeTarget section */

/* Begin PBXProject section */
		4A6302141EAA7FB1001C23B8 /* Project object */ = {
			isa = PBXProject;
			attributes = {
				LastSwiftUpdateCheck = 0800;
				LastUpgradeCheck = 0800;
				ORGANIZATIONNAME = Harry;
				TargetAttributes = {
					4A63021B1EAA7FB1001C23B8 = {
						CreatedOnToolsVersion = 8.0;
						DevelopmentTeam = T9PVZR5SPF;
						ProvisioningStyle = Automatic;
					};
					4A6302321EAA7FB1001C23B8 = {
						CreatedOnToolsVersion = 8.0;
						DevelopmentTeam = T9PVZR5SPF;
						ProvisioningStyle = Automatic;
						TestTargetID = 4A63021B1EAA7FB1001C23B8;
					};
					4A63023D1EAA7FB2001C23B8 = {
						CreatedOnToolsVersion = 8.0;
						DevelopmentTeam = T9PVZR5SPF;
						ProvisioningStyle = Automatic;
						TestTargetID = 4A63021B1EAA7FB1001C23B8;
					};
				};
			};
			buildConfigurationList = 4A6302171EAA7FB1001C23B8 /* Build configuration list for PBXProject "CardDemo" */;
			compatibilityVersion = "Xcode 3.2";
			developmentRegion = English;
			hasScannedForEncodings = 0;
			knownRegions = (
				en,
				Base,
			);
			mainGroup = 4A6302131EAA7FB1001C23B8;
			productRefGroup = 4A63021D1EAA7FB1001C23B8 /* Products */;
			projectDirPath = "";
			projectRoot = "";
			targets = (
				4A63021B1EAA7FB1001C23B8 /* CardDemo */,
				4A6302321EAA7FB1001C23B8 /* CardDemoTests */,
				4A63023D1EAA7FB2001C23B8 /* CardDemoUITests */,
			);
		};
/* End PBXProject section */

/* Begin PBXResourcesBuildPhase section */
		4A63021A1EAA7FB1001C23B8 /* Resources */ = {
			isa = PBXResourcesBuildPhase;
			buildActionMask = 2147483647;
			files = (
				4A63022D1EAA7FB1001C23B8 /* LaunchScreen.storyboard in Resources */,
				4A63022A1EAA7FB1001C23B8 /* Assets.xcassets in Resources */,
				4AE7C3081EAED5CE00A8E4E7 /* Screen4.png in Resources */,
				4AE7C3071EAED5CE00A8E4E7 /* Screen3.png in Resources */,
				4AE7C3051EAED5CE00A8E4E7 /* Screen1.png in Resources */,
				4A6302251EAA7FB1001C23B8 /* Main.storyboard in Resources */,
				4AE7C3061EAED5CE00A8E4E7 /* Screen2.png in Resources */,
			);
			runOnlyForDeploymentPostprocessing = 0;
		};
		4A6302311EAA7FB1001C23B8 /* Resources */ = {
			isa = PBXResourcesBuildPhase;
			buildActionMask = 2147483647;
			files = (
			);
			runOnlyForDeploymentPostprocessing = 0;
		};
		4A63023C1EAA7FB2001C23B8 /* Resources */ = {
			isa = PBXResourcesBuildPhase;
			buildActionMask = 2147483647;
			files = (
			);
			runOnlyForDeploymentPostprocessing = 0;
		};
/* End PBXResourcesBuildPhase section */

/* Begin PBXShellScriptBuildPhase section */
		0F080482C515E3F3D77BFC72 /* [CP] Embed Pods Frameworks */ = {
			isa = PBXShellScriptBuildPhase;
			buildActionMask = 2147483647;
			files = (
			);
			inputPaths = (
			);
			name = "[CP] Embed Pods Frameworks";
			outputPaths = (
			);
			runOnlyForDeploymentPostprocessing = 0;
			shellPath = /bin/sh;
			shellScript = "\"${SRCROOT}/Pods/Target Support Files/Pods-CardDemoTests/Pods-CardDemoTests-frameworks.sh\"\n";
			showEnvVarsInLog = 0;
		};
		242CE4E4F3653A60B42EB51F /* [CP] Copy Pods Resources */ = {
			isa = PBXShellScriptBuildPhase;
			buildActionMask = 2147483647;
			files = (
			);
			inputPaths = (
			);
			name = "[CP] Copy Pods Resources";
			outputPaths = (
			);
			runOnlyForDeploymentPostprocessing = 0;
			shellPath = /bin/sh;
			shellScript = "\"${SRCROOT}/Pods/Target Support Files/Pods-CardDemoUITests/Pods-CardDemoUITests-resources.sh\"\n";
			showEnvVarsInLog = 0;
		};
		2EAB9743ABE1A0CF472F3A6D /* [CP] Embed Pods Frameworks */ = {
			isa = PBXShellScriptBuildPhase;
			buildActionMask = 2147483647;
			files = (
			);
			inputPaths = (
			);
			name = "[CP] Embed Pods Frameworks";
			outputPaths = (
			);
			runOnlyForDeploymentPostprocessing = 0;
			shellPath = /bin/sh;
			shellScript = "\"${SRCROOT}/Pods/Target Support Files/Pods-CardDemo/Pods-CardDemo-frameworks.sh\"\n";
			showEnvVarsInLog = 0;
		};
		36E497F95F84B735DDBA6F8F /* [CP] Copy Pods Resources */ = {
			isa = PBXShellScriptBuildPhase;
			buildActionMask = 2147483647;
			files = (
			);
			inputPaths = (
			);
			name = "[CP] Copy Pods Resources";
			outputPaths = (
			);
			runOnlyForDeploymentPostprocessing = 0;
			shellPath = /bin/sh;
			shellScript = "\"${SRCROOT}/Pods/Target Support Files/Pods-CardDemo/Pods-CardDemo-resources.sh\"\n";
			showEnvVarsInLog = 0;
		};
		38EA9FE9404E4B48513EED50 /* [CP] Check Pods Manifest.lock */ = {
			isa = PBXShellScriptBuildPhase;
			buildActionMask = 2147483647;
			files = (
			);
			inputPaths = (
			);
			name = "[CP] Check Pods Manifest.lock";
			outputPaths = (
			);
			runOnlyForDeploymentPostprocessing = 0;
			shellPath = /bin/sh;
			shellScript = "diff \"${PODS_ROOT}/../Podfile.lock\" \"${PODS_ROOT}/Manifest.lock\" > /dev/null\nif [ $? != 0 ] ; then\n    # print error to STDERR\n    echo \"error: The sandbox is not in sync with the Podfile.lock. Run 'pod install' or update your CocoaPods installation.\" >&2\n    exit 1\nfi\n";
			showEnvVarsInLog = 0;
		};
		5F6C0AD74A26A7C3B40A3E80 /* [CP] Check Pods Manifest.lock */ = {
			isa = PBXShellScriptBuildPhase;
			buildActionMask = 2147483647;
			files = (
			);
			inputPaths = (
			);
			name = "[CP] Check Pods Manifest.lock";
			outputPaths = (
			);
			runOnlyForDeploymentPostprocessing = 0;
			shellPath = /bin/sh;
			shellScript = "diff \"${PODS_ROOT}/../Podfile.lock\" \"${PODS_ROOT}/Manifest.lock\" > /dev/null\nif [ $? != 0 ] ; then\n    # print error to STDERR\n    echo \"error: The sandbox is not in sync with the Podfile.lock. Run 'pod install' or update your CocoaPods installation.\" >&2\n    exit 1\nfi\n";
			showEnvVarsInLog = 0;
		};
		800D960121DE8FBC8D9FE83C /* [CP] Embed Pods Frameworks */ = {
			isa = PBXShellScriptBuildPhase;
			buildActionMask = 2147483647;
			files = (
			);
			inputPaths = (
			);
			name = "[CP] Embed Pods Frameworks";
			outputPaths = (
			);
			runOnlyForDeploymentPostprocessing = 0;
			shellPath = /bin/sh;
			shellScript = "\"${SRCROOT}/Pods/Target Support Files/Pods-CardDemoUITests/Pods-CardDemoUITests-frameworks.sh\"\n";
			showEnvVarsInLog = 0;
		};
		9ADC7F608523E71EAE42A896 /* [CP] Copy Pods Resources */ = {
			isa = PBXShellScriptBuildPhase;
			buildActionMask = 2147483647;
			files = (
			);
			inputPaths = (
			);
			name = "[CP] Copy Pods Resources";
			outputPaths = (
			);
			runOnlyForDeploymentPostprocessing = 0;
			shellPath = /bin/sh;
			shellScript = "\"${SRCROOT}/Pods/Target Support Files/Pods-CardDemoTests/Pods-CardDemoTests-resources.sh\"\n";
			showEnvVarsInLog = 0;
		};
		B87DAD0AEAB930A57B7ABDE0 /* [CP] Check Pods Manifest.lock */ = {
			isa = PBXShellScriptBuildPhase;
			buildActionMask = 2147483647;
			files = (
			);
			inputPaths = (
			);
			name = "[CP] Check Pods Manifest.lock";
			outputPaths = (
			);
			runOnlyForDeploymentPostprocessing = 0;
			shellPath = /bin/sh;
			shellScript = "diff \"${PODS_ROOT}/../Podfile.lock\" \"${PODS_ROOT}/Manifest.lock\" > /dev/null\nif [ $? != 0 ] ; then\n    # print error to STDERR\n    echo \"error: The sandbox is not in sync with the Podfile.lock. Run 'pod install' or update your CocoaPods installation.\" >&2\n    exit 1\nfi\n";
			showEnvVarsInLog = 0;
		};
/* End PBXShellScriptBuildPhase section */

/* Begin PBXSourcesBuildPhase section */
		4A6302181EAA7FB1001C23B8 /* Sources */ = {
			isa = PBXSourcesBuildPhase;
			buildActionMask = 2147483647;
			files = (
				4A8E3B0A1EAE8F49008A074E /* ArrEvent.swift in Sources */,
				4A6302221EAA7FB1001C23B8 /* ViewController.swift in Sources */,
				4A6302201EAA7FB1001C23B8 /* AppDelegate.swift in Sources */,
				4A6302281EAA7FB1001C23B8 /* CardDemo.xcdatamodeld in Sources */,
				4A8E3B081EAE8CAA008A074E /* APIUtilities.swift in Sources */,
			);
			runOnlyForDeploymentPostprocessing = 0;
		};
		4A63022F1EAA7FB1001C23B8 /* Sources */ = {
			isa = PBXSourcesBuildPhase;
			buildActionMask = 2147483647;
			files = (
				4A6302381EAA7FB2001C23B8 /* CardDemoTests.swift in Sources */,
			);
			runOnlyForDeploymentPostprocessing = 0;
		};
		4A63023A1EAA7FB2001C23B8 /* Sources */ = {
			isa = PBXSourcesBuildPhase;
			buildActionMask = 2147483647;
			files = (
				4A6302431EAA7FB2001C23B8 /* CardDemoUITests.swift in Sources */,
			);
			runOnlyForDeploymentPostprocessing = 0;
		};
/* End PBXSourcesBuildPhase section */

/* Begin PBXTargetDependency section */
		4A6302351EAA7FB1001C23B8 /* PBXTargetDependency */ = {
			isa = PBXTargetDependency;
			target = 4A63021B1EAA7FB1001C23B8 /* CardDemo */;
			targetProxy = 4A6302341EAA7FB1001C23B8 /* PBXContainerItemProxy */;
		};
		4A6302401EAA7FB2001C23B8 /* PBXTargetDependency */ = {
			isa = PBXTargetDependency;
			target = 4A63021B1EAA7FB1001C23B8 /* CardDemo */;
			targetProxy = 4A63023F1EAA7FB2001C23B8 /* PBXContainerItemProxy */;
		};
/* End PBXTargetDependency section */

/* Begin PBXVariantGroup section */
		4A6302231EAA7FB1001C23B8 /* Main.storyboard */ = {
			isa = PBXVariantGroup;
			children = (
				4A6302241EAA7FB1001C23B8 /* Base */,
			);
			name = Main.storyboard;
			sourceTree = "<group>";
		};
		4A63022B1EAA7FB1001C23B8 /* LaunchScreen.storyboard */ = {
			isa = PBXVariantGroup;
			children = (
				4A63022C1EAA7FB1001C23B8 /* Base */,
			);
			name = LaunchScreen.storyboard;
			sourceTree = "<group>";
		};
/* End PBXVariantGroup section */

/* Begin XCBuildConfiguration section */
		4A6302451EAA7FB2001C23B8 /* Debug */ = {
			isa = XCBuildConfiguration;
			buildSettings = {
				ALWAYS_SEARCH_USER_PATHS = NO;
				CLANG_ANALYZER_NONNULL = YES;
				CLANG_CXX_LANGUAGE_STANDARD = "gnu++0x";
				CLANG_CXX_LIBRARY = "libc++";
				CLANG_ENABLE_MODULES = YES;
				CLANG_ENABLE_OBJC_ARC = YES;
				CLANG_WARN_BOOL_CONVERSION = YES;
				CLANG_WARN_CONSTANT_CONVERSION = YES;
				CLANG_WARN_DIRECT_OBJC_ISA_USAGE = YES_ERROR;
				CLANG_WARN_DOCUMENTATION_COMMENTS = YES;
				CLANG_WARN_EMPTY_BODY = YES;
				CLANG_WARN_ENUM_CONVERSION = YES;
				CLANG_WARN_INFINITE_RECURSION = YES;
				CLANG_WARN_INT_CONVERSION = YES;
				CLANG_WARN_OBJC_ROOT_CLASS = YES_ERROR;
				CLANG_WARN_SUSPICIOUS_MOVES = YES;
				CLANG_WARN_UNREACHABLE_CODE = YES;
				CLANG_WARN__DUPLICATE_METHOD_MATCH = YES;
				"CODE_SIGN_IDENTITY[sdk=iphoneos*]" = "iPhone Developer";
				COPY_PHASE_STRIP = NO;
				DEBUG_INFORMATION_FORMAT = dwarf;
				ENABLE_STRICT_OBJC_MSGSEND = YES;
				ENABLE_TESTABILITY = YES;
				GCC_C_LANGUAGE_STANDARD = gnu99;
				GCC_DYNAMIC_NO_PIC = NO;
				GCC_NO_COMMON_BLOCKS = YES;
				GCC_OPTIMIZATION_LEVEL = 0;
				GCC_PREPROCESSOR_DEFINITIONS = (
					"DEBUG=1",
					"$(inherited)",
				);
				GCC_WARN_64_TO_32_BIT_CONVERSION = YES;
				GCC_WARN_ABOUT_RETURN_TYPE = YES_ERROR;
				GCC_WARN_UNDECLARED_SELECTOR = YES;
				GCC_WARN_UNINITIALIZED_AUTOS = YES_AGGRESSIVE;
				GCC_WARN_UNUSED_FUNCTION = YES;
				GCC_WARN_UNUSED_VARIABLE = YES;
				IPHONEOS_DEPLOYMENT_TARGET = 10.0;
				MTL_ENABLE_DEBUG_INFO = YES;
				ONLY_ACTIVE_ARCH = YES;
				SDKROOT = iphoneos;
				SWIFT_ACTIVE_COMPILATION_CONDITIONS = DEBUG;
				SWIFT_OPTIMIZATION_LEVEL = "-Onone";
			};
			name = Debug;
		};
		4A6302461EAA7FB2001C23B8 /* Release */ = {
			isa = XCBuildConfiguration;
			buildSettings = {
				ALWAYS_SEARCH_USER_PATHS = NO;
				CLANG_ANALYZER_NONNULL = YES;
				CLANG_CXX_LANGUAGE_STANDARD = "gnu++0x";
				CLANG_CXX_LIBRARY = "libc++";
				CLANG_ENABLE_MODULES = YES;
				CLANG_ENABLE_OBJC_ARC = YES;
				CLANG_WARN_BOOL_CONVERSION = YES;
				CLANG_WARN_CONSTANT_CONVERSION = YES;
				CLANG_WARN_DIRECT_OBJC_ISA_USAGE = YES_ERROR;
				CLANG_WARN_DOCUMENTATION_COMMENTS = YES;
				CLANG_WARN_EMPTY_BODY = YES;
				CLANG_WARN_ENUM_CONVERSION = YES;
				CLANG_WARN_INFINITE_RECURSION = YES;
				CLANG_WARN_INT_CONVERSION = YES;
				CLANG_WARN_OBJC_ROOT_CLASS = YES_ERROR;
				CLANG_WARN_SUSPICIOUS_MOVES = YES;
				CLANG_WARN_UNREACHABLE_CODE = YES;
				CLANG_WARN__DUPLICATE_METHOD_MATCH = YES;
				"CODE_SIGN_IDENTITY[sdk=iphoneos*]" = "iPhone Developer";
				COPY_PHASE_STRIP = NO;
				DEBUG_INFORMATION_FORMAT = "dwarf-with-dsym";
				ENABLE_NS_ASSERTIONS = NO;
				ENABLE_STRICT_OBJC_MSGSEND = YES;
				GCC_C_LANGUAGE_STANDARD = gnu99;
				GCC_NO_COMMON_BLOCKS = YES;
				GCC_WARN_64_TO_32_BIT_CONVERSION = YES;
				GCC_WARN_ABOUT_RETURN_TYPE = YES_ERROR;
				GCC_WARN_UNDECLARED_SELECTOR = YES;
				GCC_WARN_UNINITIALIZED_AUTOS = YES_AGGRESSIVE;
				GCC_WARN_UNUSED_FUNCTION = YES;
				GCC_WARN_UNUSED_VARIABLE = YES;
				IPHONEOS_DEPLOYMENT_TARGET = 10.0;
				MTL_ENABLE_DEBUG_INFO = NO;
				SDKROOT = iphoneos;
				SWIFT_OPTIMIZATION_LEVEL = "-Owholemodule";
				VALIDATE_PRODUCT = YES;
			};
			name = Release;
		};
		4A6302481EAA7FB2001C23B8 /* Debug */ = {
			isa = XCBuildConfiguration;
			baseConfigurationReference = E0A6C62E63C9B9DDBE1460F4 /* Pods-CardDemo.debug.xcconfig */;
			buildSettings = {
				ASSETCATALOG_COMPILER_APPICON_NAME = AppIcon;
				DEVELOPMENT_TEAM = T9PVZR5SPF;
				INFOPLIST_FILE = CardDemo/Info.plist;
				LD_RUNPATH_SEARCH_PATHS = "$(inherited) @executable_path/Frameworks";
				PRODUCT_BUNDLE_IDENTIFIER = com.CardDemo;
				PRODUCT_NAME = "$(TARGET_NAME)";
				SWIFT_VERSION = 3.0;
			};
			name = Debug;
		};
		4A6302491EAA7FB2001C23B8 /* Release */ = {
			isa = XCBuildConfiguration;
			baseConfigurationReference = 5D77011803F8002AA8352446 /* Pods-CardDemo.release.xcconfig */;
			buildSettings = {
				ASSETCATALOG_COMPILER_APPICON_NAME = AppIcon;
				DEVELOPMENT_TEAM = T9PVZR5SPF;
				INFOPLIST_FILE = CardDemo/Info.plist;
				LD_RUNPATH_SEARCH_PATHS = "$(inherited) @executable_path/Frameworks";
				PRODUCT_BUNDLE_IDENTIFIER = com.CardDemo;
				PRODUCT_NAME = "$(TARGET_NAME)";
				SWIFT_VERSION = 3.0;
			};
			name = Release;
		};
		4A63024B1EAA7FB2001C23B8 /* Debug */ = {
			isa = XCBuildConfiguration;
			baseConfigurationReference = 5C24D7241CBEB19769C5BF3B /* Pods-CardDemoTests.debug.xcconfig */;
			buildSettings = {
				ALWAYS_EMBED_SWIFT_STANDARD_LIBRARIES = YES;
				BUNDLE_LOADER = "$(TEST_HOST)";
				DEVELOPMENT_TEAM = T9PVZR5SPF;
				INFOPLIST_FILE = CardDemoTests/Info.plist;
				LD_RUNPATH_SEARCH_PATHS = "$(inherited) @executable_path/Frameworks @loader_path/Frameworks";
				PRODUCT_BUNDLE_IDENTIFIER = com.CardDemoTests;
				PRODUCT_NAME = "$(TARGET_NAME)";
				SWIFT_VERSION = 3.0;
				TEST_HOST = "$(BUILT_PRODUCTS_DIR)/CardDemo.app/CardDemo";
			};
			name = Debug;
		};
		4A63024C1EAA7FB2001C23B8 /* Release */ = {
			isa = XCBuildConfiguration;
			baseConfigurationReference = B501DF3BFF4029EE29DD0CDA /* Pods-CardDemoTests.release.xcconfig */;
			buildSettings = {
				ALWAYS_EMBED_SWIFT_STANDARD_LIBRARIES = YES;
				BUNDLE_LOADER = "$(TEST_HOST)";
				DEVELOPMENT_TEAM = T9PVZR5SPF;
				INFOPLIST_FILE = CardDemoTests/Info.plist;
				LD_RUNPATH_SEARCH_PATHS = "$(inherited) @executable_path/Frameworks @loader_path/Frameworks";
				PRODUCT_BUNDLE_IDENTIFIER = com.CardDemoTests;
				PRODUCT_NAME = "$(TARGET_NAME)";
				SWIFT_VERSION = 3.0;
				TEST_HOST = "$(BUILT_PRODUCTS_DIR)/CardDemo.app/CardDemo";
			};
			name = Release;
		};
		4A63024E1EAA7FB2001C23B8 /* Debug */ = {
			isa = XCBuildConfiguration;
			baseConfigurationReference = EEDDE1579FF9AE273D0180CF /* Pods-CardDemoUITests.debug.xcconfig */;
			buildSettings = {
				ALWAYS_EMBED_SWIFT_STANDARD_LIBRARIES = YES;
				DEVELOPMENT_TEAM = T9PVZR5SPF;
				INFOPLIST_FILE = CardDemoUITests/Info.plist;
				LD_RUNPATH_SEARCH_PATHS = "$(inherited) @executable_path/Frameworks @loader_path/Frameworks";
				PRODUCT_BUNDLE_IDENTIFIER = com.CardDemoUITests;
				PRODUCT_NAME = "$(TARGET_NAME)";
				SWIFT_VERSION = 3.0;
				TEST_TARGET_NAME = CardDemo;
			};
			name = Debug;
		};
		4A63024F1EAA7FB2001C23B8 /* Release */ = {
			isa = XCBuildConfiguration;
			baseConfigurationReference = 4BF974EAAEBC11A44C322A61 /* Pods-CardDemoUITests.release.xcconfig */;
			buildSettings = {
				ALWAYS_EMBED_SWIFT_STANDARD_LIBRARIES = YES;
				DEVELOPMENT_TEAM = T9PVZR5SPF;
				INFOPLIST_FILE = CardDemoUITests/Info.plist;
				LD_RUNPATH_SEARCH_PATHS = "$(inherited) @executable_path/Frameworks @loader_path/Frameworks";
				PRODUCT_BUNDLE_IDENTIFIER = com.CardDemoUITests;
				PRODUCT_NAME = "$(TARGET_NAME)";
				SWIFT_VERSION = 3.0;
				TEST_TARGET_NAME = CardDemo;
			};
			name = Release;
		};
/* End XCBuildConfiguration section */

/* Begin XCConfigurationList section */
		4A6302171EAA7FB1001C23B8 /* Build configuration list for PBXProject "CardDemo" */ = {
			isa = XCConfigurationList;
			buildConfigurations = (
				4A6302451EAA7FB2001C23B8 /* Debug */,
				4A6302461EAA7FB2001C23B8 /* Release */,
			);
			defaultConfigurationIsVisible = 0;
			defaultConfigurationName = Release;
		};
		4A6302471EAA7FB2001C23B8 /* Build configuration list for PBXNativeTarget "CardDemo" */ = {
			isa = XCConfigurationList;
			buildConfigurations = (
				4A6302481EAA7FB2001C23B8 /* Debug */,
				4A6302491EAA7FB2001C23B8 /* Release */,
			);
			defaultConfigurationIsVisible = 0;
			defaultConfigurationName = Release;
		};
		4A63024A1EAA7FB2001C23B8 /* Build configuration list for PBXNativeTarget "CardDemoTests" */ = {
			isa = XCConfigurationList;
			buildConfigurations = (
				4A63024B1EAA7FB2001C23B8 /* Debug */,
				4A63024C1EAA7FB2001C23B8 /* Release */,
			);
			defaultConfigurationIsVisible = 0;
			defaultConfigurationName = Release;
		};
		4A63024D1EAA7FB2001C23B8 /* Build configuration list for PBXNativeTarget "CardDemoUITests" */ = {
			isa = XCConfigurationList;
			buildConfigurations = (
				4A63024E1EAA7FB2001C23B8 /* Debug */,
				4A63024F1EAA7FB2001C23B8 /* Release */,
			);
			defaultConfigurationIsVisible = 0;
			defaultConfigurationName = Release;
		};
/* End XCConfigurationList section */

/* Begin XCVersionGroup section */
		4A6302261EAA7FB1001C23B8 /* CardDemo.xcdatamodeld */ = {
			isa = XCVersionGroup;
			children = (
				4A6302271EAA7FB1001C23B8 /* CardDemo.xcdatamodel */,
			);
			currentVersion = 4A6302271EAA7FB1001C23B8 /* CardDemo.xcdatamodel */;
			path = CardDemo.xcdatamodeld;
			sourceTree = "<group>";
			versionGroupType = wrapper.xcdatamodel;
		};
/* End XCVersionGroup section */
	};
	rootObject = 4A6302141EAA7FB1001C23B8 /* Project object */;
}
